
Microsoft Visual Studio Solution File, Format Version 12.00
# Visual Studio Version 16
VisualStudioVersion = 16.0.30225.117
MinimumVisualStudioVersion = 10.0.40219.1
Project("{FAE04EC0-301F-11D3-BF4B-00C04F79EFBC}") = "SistemaVenda", "SistemaVenda\SistemaVenda.csproj", "{430BBD42-479E-4A62-A1AB-8D7886384522}"
EndProject
Global
	GlobalSection(SolutionConfigurationPlatforms) = preSolution
		Debug|Any CPU = Debug|Any CPU
		Release|Any CPU = Release|Any CPU
	EndGlobalSection
	GlobalSection(ProjectConfigurationPlatforms) = postSolution
		{430BBD42-479E-4A62-A1AB-8D7886384522}.Debug|Any CPU.ActiveCfg = Debug|Any CPU
		{430BBD42-479E-4A62-A1AB-8D7886384522}.Debug|Any CPU.Build.0 = Debug|Any CPU
		{430BBD42-479E-4A62-A1AB-8D7886384522}.Release|Any CPU.ActiveCfg = Release|Any CPU
		{430BBD42-479E-4A62-A1AB-8D7886384522}.Release|Any CPU.Build.0 = Release|Any CPU
	EndGlobalSection
	GlobalSection(SolutionProperties) = preSolution
		HideSolutionNode = FALSE
	EndGlobalSection
	GlobalSection(ExtensibilityGlobals) = postSolution
		SolutionGuid = {F2247D1E-04A7-48B7-A7D8-2BEB3425BDF5}
	EndGlobalSection
EndGlobal
